// !$*UTF8*$!
{
	archiveVersion = 1;
	classes = {
	};
	objectVersion = 56;
	objects = {

/* Begin PBXBuildFile section */
		AD194EE32DBC3EA200C9FC02 /* BlackJack_SwiftUIApp.swift in Sources */ = {isa = PBXBuildFile; fileRef = AD194EE22DBC3EA200C9FC02 /* BlackJack_SwiftUIApp.swift */; };
		AD194EE72DBC3EA500C9FC02 /* Assets.xcassets in Resources */ = {isa = PBXBuildFile; fileRef = AD194EE62DBC3EA500C9FC02 /* Assets.xcassets */; };
		AD194EEA2DBC3EA500C9FC02 /* Preview Assets.xcassets in Resources */ = {isa = PBXBuildFile; fileRef = AD194EE92DBC3EA500C9FC02 /* Preview Assets.xcassets */; };
		AD194EF12DBC3EC600C9FC02 /* GameSettings.swift in Sources */ = {isa = PBXBuildFile; fileRef = AD194EF02DBC3EC600C9FC02 /* GameSettings.swift */; };
		AD25BC262DC191CB00FD900A /* BlackJackStore.swift in Sources */ = {isa = PBXBuildFile; fileRef = AD25BC252DC191CB00FD900A /* BlackJackStore.swift */; };
		AD667B4C2DC40EBC00153032 /* DealerCardView.swift in Sources */ = {isa = PBXBuildFile; fileRef = AD667B4B2DC40EBC00153032 /* DealerCardView.swift */; };
		AD667B4E2DC40ED900153032 /* GameView.swift in Sources */ = {isa = PBXBuildFile; fileRef = AD667B4D2DC40ED900153032 /* GameView.swift */; };
		AD667B502DC40F6200153032 /* Extensions.swift in Sources */ = {isa = PBXBuildFile; fileRef = AD667B4F2DC40F6200153032 /* Extensions.swift */; };
/* End PBXBuildFile section */

/* Begin PBXFileReference section */
		AD194EDF2DBC3EA200C9FC02 /* BlackJack-SwiftUI.app */ = {isa = PBXFileReference; explicitFileType = wrapper.application; includeInIndex = 0; path = "BlackJack-SwiftUI.app"; sourceTree = BUILT_PRODUCTS_DIR; };
		AD194EE22DBC3EA200C9FC02 /* BlackJack_SwiftUIApp.swift */ = {isa = PBXFileReference; lastKnownFileType = sourcecode.swift; path = BlackJack_SwiftUIApp.swift; sourceTree = "<group>"; };
		AD194EE62DBC3EA500C9FC02 /* Assets.xcassets */ = {isa = PBXFileReference; lastKnownFileType = folder.assetcatalog; path = Assets.xcassets; sourceTree = "<group>"; };
		AD194EE92DBC3EA500C9FC02 /* Preview Assets.xcassets */ = {isa = PBXFileReference; lastKnownFileType = folder.assetcatalog; path = "Preview Assets.xcassets"; sourceTree = "<group>"; };
		AD194EF02DBC3EC600C9FC02 /* GameSettings.swift */ = {isa = PBXFileReference; lastKnownFileType = sourcecode.swift; path = GameSettings.swift; sourceTree = "<group>"; };
		AD25BC252DC191CB00FD900A /* BlackJackStore.swift */ = {isa = PBXFileReference; lastKnownFileType = sourcecode.swift; path = BlackJackStore.swift; sourceTree = "<group>"; };
		AD667B4B2DC40EBC00153032 /* DealerCardView.swift */ = {isa = PBXFileReference; lastKnownFileType = sourcecode.swift; path = DealerCardView.swift; sourceTree = "<group>"; };
		AD667B4D2DC40ED900153032 /* GameView.swift */ = {isa = PBXFileReference; lastKnownFileType = sourcecode.swift; path = GameView.swift; sourceTree = "<group>"; };
		AD667B4F2DC40F6200153032 /* Extensions.swift */ = {isa = PBXFileReference; fileEncoding = 4; lastKnownFileType = sourcecode.swift; path = Extensions.swift; sourceTree = "<group>"; };
/* End PBXFileReference section */

/* Begin PBXFrameworksBuildPhase section */
		AD194EDC2DBC3EA200C9FC02 /* Frameworks */ = {
			isa = PBXFrameworksBuildPhase;
			buildActionMask = 2147483647;
			files = (
			);
			runOnlyForDeploymentPostprocessing = 0;
		};
/* End PBXFrameworksBuildPhase section */

/* Begin PBXGroup section */
		AD194ED62DBC3EA200C9FC02 = {
			isa = PBXGroup;
			children = (
				AD194EE12DBC3EA200C9FC02 /* BlackJack-SwiftUI */,
				AD194EE02DBC3EA200C9FC02 /* Products */,
			);
			sourceTree = "<group>";
		};
		AD194EE02DBC3EA200C9FC02 /* Products */ = {
			isa = PBXGroup;
			children = (
				AD194EDF2DBC3EA200C9FC02 /* BlackJack-SwiftUI.app */,
			);
			name = Products;
			sourceTree = "<group>";
		};
		AD194EE12DBC3EA200C9FC02 /* BlackJack-SwiftUI */ = {
			isa = PBXGroup;
			children = (
				AD194EE22DBC3EA200C9FC02 /* BlackJack_SwiftUIApp.swift */,
				AD667B4D2DC40ED900153032 /* GameView.swift */,
				AD667B4B2DC40EBC00153032 /* DealerCardView.swift */,
				AD25BC252DC191CB00FD900A /* BlackJackStore.swift */,
				AD194EF02DBC3EC600C9FC02 /* GameSettings.swift */,
				AD667B4F2DC40F6200153032 /* Extensions.swift */,
				AD194EE62DBC3EA500C9FC02 /* Assets.xcassets */,
				AD194EE82DBC3EA500C9FC02 /* Preview Content */,
			);
			path = "BlackJack-SwiftUI";
			sourceTree = "<group>";
		};
		AD194EE82DBC3EA500C9FC02 /* Preview Content */ = {
			isa = PBXGroup;
			children = (
				AD194EE92DBC3EA500C9FC02 /* Preview Assets.xcassets */,
			);
			path = "Preview Content";
			sourceTree = "<group>";
		};
/* End PBXGroup section */

/* Begin PBXNativeTarget section */
		AD194EDE2DBC3EA200C9FC02 /* BlackJack-SwiftUI */ = {
			isa = PBXNativeTarget;
			buildConfigurationList = AD194EED2DBC3EA500C9FC02 /* Build configuration list for PBXNativeTarget "BlackJack-SwiftUI" */;
			buildPhases = (
				AD194EDB2DBC3EA200C9FC02 /* Sources */,
				AD194EDC2DBC3EA200C9FC02 /* Frameworks */,
				AD194EDD2DBC3EA200C9FC02 /* Resources */,
			);
			buildRules = (
			);
			dependencies = (
			);
			name = "BlackJack-SwiftUI";
			productName = "BlackJack-SwiftUI";
			productReference = AD194EDF2DBC3EA200C9FC02 /* BlackJack-SwiftUI.app */;
			productType = "com.apple.product-type.application";
		};
/* End PBXNativeTarget section */

/* Begin PBXProject section */
		AD194ED72DBC3EA200C9FC02 /* Project object */ = {
			isa = PBXProject;
			attributes = {
				BuildIndependentTargetsInParallel = 1;
				LastSwiftUpdateCheck = 1540;
				LastUpgradeCheck = 1540;
				TargetAttributes = {
					AD194EDE2DBC3EA200C9FC02 = {
						CreatedOnToolsVersion = 15.4;
					};
				};
			};
			buildConfigurationList = AD194EDA2DBC3EA200C9FC02 /* Build configuration list for PBXProject "BlackJack-SwiftUI" */;
			compatibilityVersion = "Xcode 14.0";
			developmentRegion = en;
			hasScannedForEncodings = 0;
			knownRegions = (
				en,
				Base,
			);
			mainGroup = AD194ED62DBC3EA200C9FC02;
			productRefGroup = AD194EE02DBC3EA200C9FC02 /* Products */;
			projectDirPath = "";
			projectRoot = "";
			targets = (
				AD194EDE2DBC3EA200C9FC02 /* BlackJack-SwiftUI */,
			);
		};
/* End PBXProject section */

/* Begin PBXResourcesBuildPhase section */
		AD194EDD2DBC3EA200C9FC02 /* Resources */ = {
			isa = PBXResourcesBuildPhase;
			buildActionMask = 2147483647;
			files = (
				AD194EEA2DBC3EA500C9FC02 /* Preview Assets.xcassets in Resources */,
				AD194EE72DBC3EA500C9FC02 /* Assets.xcassets in Resources */,
			);
			runOnlyForDeploymentPostprocessing = 0;
		};
/* End PBXResourcesBuildPhase section */

/* Begin PBXSourcesBuildPhase section */
		AD194EDB2DBC3EA200C9FC02 /* Sources */ = {
			isa = PBXSourcesBuildPhase;
			buildActionMask = 2147483647;
			files = (
				AD194EE32DBC3EA200C9FC02 /* BlackJack_SwiftUIApp.swift in Sources */,
				AD667B502DC40F6200153032 /* Extensions.swift in Sources */,
				AD25BC262DC191CB00FD900A /* BlackJackStore.swift in Sources */,
				AD667B4C2DC40EBC00153032 /* DealerCardView.swift in Sources */,
				AD667B4E2DC40ED900153032 /* GameView.swift in Sources */,
				AD194EF12DBC3EC600C9FC02 /* GameSettings.swift in Sources */,
			);
			runOnlyForDeploymentPostprocessing = 0;
		};
/* End PBXSourcesBuildPhase section */

/* Begin XCBuildConfiguration section */
		AD194EEB2DBC3EA500C9FC02 /* Debug */ = {
			isa = XCBuildConfiguration;
			buildSettings = {
				ALWAYS_SEARCH_USER_PATHS = NO;
				ASSETCATALOG_COMPILER_GENERATE_SWIFT_ASSET_SYMBOL_EXTENSIONS = YES;
				CLANG_ANALYZER_NONNULL = YES;
				CLANG_ANALYZER_NUMBER_OBJECT_CONVERSION = YES_AGGRESSIVE;
				CLANG_CXX_LANGUAGE_STANDARD = "gnu++20";
				CLANG_ENABLE_MODULES = YES;
				CLANG_ENABLE_OBJC_ARC = YES;
				CLANG_ENABLE_OBJC_WEAK = YES;
				CLANG_WARN_BLOCK_CAPTURE_AUTORELEASING = YES;
				CLANG_WARN_BOOL_CONVERSION = YES;
				CLANG_WARN_COMMA = YES;
				CLANG_WARN_CONSTANT_CONVERSION = YES;
				CLANG_WARN_DEPRECATED_OBJC_IMPLEMENTATIONS = YES;
				CLANG_WARN_DIRECT_OBJC_ISA_USAGE = YES_ERROR;
				CLANG_WARN_DOCUMENTATION_COMMENTS = YES;
				CLANG_WARN_EMPTY_BODY = YES;
				CLANG_WARN_ENUM_CONVERSION = YES;
				CLANG_WARN_INFINITE_RECURSION = YES;
				CLANG_WARN_INT_CONVERSION = YES;
				CLANG_WARN_NON_LITERAL_NULL_CONVERSION = YES;
				CLANG_WARN_OBJC_IMPLICIT_RETAIN_SELF = YES;
				CLANG_WARN_OBJC_LITERAL_CONVERSION = YES;
				CLANG_WARN_OBJC_ROOT_CLASS = YES_ERROR;
				CLANG_WARN_QUOTED_INCLUDE_IN_FRAMEWORK_HEADER = YES;
				CLANG_WARN_RANGE_LOOP_ANALYSIS = YES;
				CLANG_WARN_STRICT_PROTOTYPES = YES;
				CLANG_WARN_SUSPICIOUS_MOVE = YES;
				CLANG_WARN_UNGUARDED_AVAILABILITY = YES_AGGRESSIVE;
				CLANG_WARN_UNREACHABLE_CODE = YES;
				CLANG_WARN__DUPLICATE_METHOD_MATCH = YES;
				COPY_PHASE_STRIP = NO;
				DEBUG_INFORMATION_FORMAT = dwarf;
				ENABLE_STRICT_OBJC_MSGSEND = YES;
				ENABLE_TESTABILITY = YES;
				ENABLE_USER_SCRIPT_SANDBOXING = YES;
				GCC_C_LANGUAGE_STANDARD = gnu17;
				GCC_DYNAMIC_NO_PIC = NO;
				GCC_NO_COMMON_BLOCKS = YES;
				GCC_OPTIMIZATION_LEVEL = 0;
				GCC_PREPROCESSOR_DEFINITIONS = (
					"DEBUG=1",
					"$(inherited)",
				);
				GCC_WARN_64_TO_32_BIT_CONVERSION = YES;
				GCC_WARN_ABOUT_RETURN_TYPE = YES_ERROR;
				GCC_WARN_UNDECLARED_SELECTOR = YES;
				GCC_WARN_UNINITIALIZED_AUTOS = YES_AGGRESSIVE;
				GCC_WARN_UNUSED_FUNCTION = YES;
				GCC_WARN_UNUSED_VARIABLE = YES;
				IPHONEOS_DEPLOYMENT_TARGET = 17.5;
				LOCALIZATION_PREFERS_STRING_CATALOGS = YES;
				MTL_ENABLE_DEBUG_INFO = INCLUDE_SOURCE;
				MTL_FAST_MATH = YES;
				ONLY_ACTIVE_ARCH = YES;
				SDKROOT = iphoneos;
				SWIFT_ACTIVE_COMPILATION_CONDITIONS = "DEBUG $(inherited)";
				SWIFT_OPTIMIZATION_LEVEL = "-Onone";
			};
			name = Debug;
		};
		AD194EEC2DBC3EA500C9FC02 /* Release */ = {
			isa = XCBuildConfiguration;
			buildSettings = {
				ALWAYS_SEARCH_USER_PATHS = NO;
				ASSETCATALOG_COMPILER_GENERATE_SWIFT_ASSET_SYMBOL_EXTENSIONS = YES;
				CLANG_ANALYZER_NONNULL = YES;
				CLANG_ANALYZER_NUMBER_OBJECT_CONVERSION = YES_AGGRESSIVE;
				CLANG_CXX_LANGUAGE_STANDARD = "gnu++20";
				CLANG_ENABLE_MODULES = YES;
				CLANG_ENABLE_OBJC_ARC = YES;
				CLANG_ENABLE_OBJC_WEAK = YES;
				CLANG_WARN_BLOCK_CAPTURE_AUTORELEASING = YES;
				CLANG_WARN_BOOL_CONVERSION = YES;
				CLANG_WARN_COMMA = YES;
				CLANG_WARN_CONSTANT_CONVERSION = YES;
				CLANG_WARN_DEPRECATED_OBJC_IMPLEMENTATIONS = YES;
				CLANG_WARN_DIRECT_OBJC_ISA_USAGE = YES_ERROR;
				CLANG_WARN_DOCUMENTATION_COMMENTS = YES;
				CLANG_WARN_EMPTY_BODY = YES;
				CLANG_WARN_ENUM_CONVERSION = YES;
				CLANG_WARN_INFINITE_RECURSION = YES;
				CLANG_WARN_INT_CONVERSION = YES;
				CLANG_WARN_NON_LITERAL_NULL_CONVERSION = YES;
				CLANG_WARN_OBJC_IMPLICIT_RETAIN_SELF = YES;
				CLANG_WARN_OBJC_LITERAL_CONVERSION = YES;
				CLANG_WARN_OBJC_ROOT_CLASS = YES_ERROR;
				CLANG_WARN_QUOTED_INCLUDE_IN_FRAMEWORK_HEADER = YES;
				CLANG_WARN_RANGE_LOOP_ANALYSIS = YES;
				CLANG_WARN_STRICT_PROTOTYPES = YES;
				CLANG_WARN_SUSPICIOUS_MOVE = YES;
				CLANG_WARN_UNGUARDED_AVAILABILITY = YES_AGGRESSIVE;
				CLANG_WARN_UNREACHABLE_CODE = YES;
				CLANG_WARN__DUPLICATE_METHOD_MATCH = YES;
				COPY_PHASE_STRIP = NO;
				DEBUG_INFORMATION_FORMAT = "dwarf-with-dsym";
				ENABLE_NS_ASSERTIONS = NO;
				ENABLE_STRICT_OBJC_MSGSEND = YES;
				ENABLE_USER_SCRIPT_SANDBOXING = YES;
				GCC_C_LANGUAGE_STANDARD = gnu17;
				GCC_NO_COMMON_BLOCKS = YES;
				GCC_WARN_64_TO_32_BIT_CONVERSION = YES;
				GCC_WARN_ABOUT_RETURN_TYPE = YES_ERROR;
				GCC_WARN_UNDECLARED_SELECTOR = YES;
				GCC_WARN_UNINITIALIZED_AUTOS = YES_AGGRESSIVE;
				GCC_WARN_UNUSED_FUNCTION = YES;
				GCC_WARN_UNUSED_VARIABLE = YES;
				IPHONEOS_DEPLOYMENT_TARGET = 17.5;
				LOCALIZATION_PREFERS_STRING_CATALOGS = YES;
				MTL_ENABLE_DEBUG_INFO = NO;
				MTL_FAST_MATH = YES;
				SDKROOT = iphoneos;
				SWIFT_COMPILATION_MODE = wholemodule;
				VALIDATE_PRODUCT = YES;
			};
			name = Release;
		};
		AD194EEE2DBC3EA500C9FC02 /* Debug */ = {
			isa = XCBuildConfiguration;
			buildSettings = {
				ASSETCATALOG_COMPILER_APPICON_NAME = AppIcon;
				ASSETCATALOG_COMPILER_GLOBAL_ACCENT_COLOR_NAME = AccentColor;
				CODE_SIGN_STYLE = Automatic;
				CURRENT_PROJECT_VERSION = 1;
				DEVELOPMENT_ASSET_PATHS = "\"BlackJack-SwiftUI/Preview Content\"";
				DEVELOPMENT_TEAM = VN394WX7MY;
				ENABLE_PREVIEWS = YES;
				GENERATE_INFOPLIST_FILE = YES;
				INFOPLIST_KEY_UIApplicationSceneManifest_Generation = YES;
				INFOPLIST_KEY_UIApplicationSupportsIndirectInputEvents = YES;
				INFOPLIST_KEY_UILaunchScreen_Generation = YES;
				INFOPLIST_KEY_UISupportedInterfaceOrientations_iPad = "UIInterfaceOrientationPortrait UIInterfaceOrientationPortraitUpsideDown UIInterfaceOrientationLandscapeLeft UIInterfaceOrientationLandscapeRight";
				INFOPLIST_KEY_UISupportedInterfaceOrientations_iPhone = "UIInterfaceOrientationPortrait UIInterfaceOrientationLandscapeLeft UIInterfaceOrientationLandscapeRight";
				LD_RUNPATH_SEARCH_PATHS = (
					"$(inherited)",
					"@executable_path/Frameworks",
				);
				MARKETING_VERSION = 1.0;
				PRODUCT_BUNDLE_IDENTIFIER = "zheen.BlackJack-SwiftUI";
				PRODUCT_NAME = "$(TARGET_NAME)";
				SWIFT_EMIT_LOC_STRINGS = YES;
				SWIFT_VERSION = 5.0;
				TARGETED_DEVICE_FAMILY = "1,2";
			};
			name = Debug;
		};
		AD194EEF2DBC3EA500C9FC02 /* Release */ = {
			isa = XCBuildConfiguration;
			buildSettings = {
				ASSETCATALOG_COMPILER_APPICON_NAME = AppIcon;
				ASSETCATALOG_COMPILER_GLOBAL_ACCENT_COLOR_NAME = AccentColor;
				CODE_SIGN_STYLE = Automatic;
				CURRENT_PROJECT_VERSION = 1;
				DEVELOPMENT_ASSET_PATHS = "\"BlackJack-SwiftUI/Preview Content\"";
				DEVELOPMENT_TEAM = VN394WX7MY;
				ENABLE_PREVIEWS = YES;
				GENERATE_INFOPLIST_FILE = YES;
				INFOPLIST_KEY_UIApplicationSceneManifest_Generation = YES;
				INFOPLIST_KEY_UIApplicationSupportsIndirectInputEvents = YES;
				INFOPLIST_KEY_UILaunchScreen_Generation = YES;
				INFOPLIST_KEY_UISupportedInterfaceOrientations_iPad = "UIInterfaceOrientationPortrait UIInterfaceOrientationPortraitUpsideDown UIInterfaceOrientationLandscapeLeft UIInterfaceOrientationLandscapeRight";
				INFOPLIST_KEY_UISupportedInterfaceOrientations_iPhone = "UIInterfaceOrientationPortrait UIInterfaceOrientationLandscapeLeft UIInterfaceOrientationLandscapeRight";
				LD_RUNPATH_SEARCH_PATHS = (
					"$(inherited)",
					"@executable_path/Frameworks",
				);
				MARKETING_VERSION = 1.0;
				PRODUCT_BUNDLE_IDENTIFIER = "zheen.BlackJack-SwiftUI";
				PRODUCT_NAME = "$(TARGET_NAME)";
				SWIFT_EMIT_LOC_STRINGS = YES;
				SWIFT_VERSION = 5.0;
				TARGETED_DEVICE_FAMILY = "1,2";
			};
			name = Release;
		};
/* End XCBuildConfiguration section */

/* Begin XCConfigurationList section */
		AD194EDA2DBC3EA200C9FC02 /* Build configuration list for PBXProject "BlackJack-SwiftUI" */ = {
			isa = XCConfigurationList;
			buildConfigurations = (
				AD194EEB2DBC3EA500C9FC02 /* Debug */,
				AD194EEC2DBC3EA500C9FC02 /* Release */,
			);
			defaultConfigurationIsVisible = 0;
			defaultConfigurationName = Release;
		};
		AD194EED2DBC3EA500C9FC02 /* Build configuration list for PBXNativeTarget "BlackJack-SwiftUI" */ = {
			isa = XCConfigurationList;
			buildConfigurations = (
				AD194EEE2DBC3EA500C9FC02 /* Debug */,
				AD194EEF2DBC3EA500C9FC02 /* Release */,
			);
			defaultConfigurationIsVisible = 0;
			defaultConfigurationName = Release;
		};
/* End XCConfigurationList section */
	};
	rootObject = AD194ED72DBC3EA200C9FC02 /* Project object */;
}
